{
  "nodes": {
    "kincpp": {
      "inputs": {
        "nixpkgs": [
          "nixpkgs"
        ],
        "utils": [
          "utils"
        ]
      },
      "locked": {
        "lastModified": 1709764212,
        "narHash": "sha256-IGotODapRTn0wgeNhDXnSCE/Obc1ygrbYLVY/NmRurA=",
        "ref": "main",
        "rev": "fdf8732c993c1aa29fb0b5b11456e50d03749987",
        "revCount": 2,
        "type": "git",
        "url": "ssh://git@github.com/HorizonRoboticsInternal/kincpp"
      },
      "original": {
        "ref": "main",
        "type": "git",
        "url": "ssh://git@github.com/HorizonRoboticsInternal/kincpp"
      }
    },
    "ml-pkgs": {
      "inputs": {
        "nixpkgs": [
          "nixpkgs"
        ],
        "utils": [
          "utils"
        ]
      },
      "locked": {
        "lastModified": 1710486145,
        "narHash": "sha256-gbH//vt6sse/cz1oGjbrNVh044iehK2AapS4rXABKaA=",
        "owner": "nixvital",
        "repo": "ml-pkgs",
        "rev": "07d63cc9ce4b450855da78b0beec42bd4c437a53",
        "type": "github"
      },
      "original": {
        "owner": "nixvital",
        "repo": "ml-pkgs",
        "type": "github"
      }
    },
    "nixpkgs": {
      "locked": {
        "lastModified": 1705916986,
        "narHash": "sha256-iBpfltu6QvN4xMpen6jGGEb6jOqmmVQKUrXdOJ32u8w=",
        "owner": "NixOS",
        "repo": "nixpkgs",
        "rev": "d7f206b723e42edb09d9d753020a84b3061a79d8",
        "type": "github"
      },
      "original": {
        "owner": "NixOS",
        "ref": "nixos-23.11",
        "repo": "nixpkgs",
        "type": "github"
      }
    },
    "root": {
      "inputs": {
        "kincpp": "kincpp",
        "ml-pkgs": "ml-pkgs",
        "nixpkgs": "nixpkgs",
        "sagittarius-sdk": "sagittarius-sdk",
        "tensor-splines": "tensor-splines",
        "utils": "utils"
      }
    },
    "sagittarius-sdk": {
      "inputs": {
        "nixpkgs": [
          "nixpkgs"
        ],
        "utils": [
          "utils"
        ]
      },
      "locked": {
        "lastModified": 1682036863,
        "narHash": "sha256-iG7Z//hUAgPvpB7TV6JL6yAGoB+J29yerUp51ce8tjk=",
        "ref": "refs/heads/main",
        "rev": "cd000bcc1baa889ee1fff691927d662769251c41",
        "revCount": 47,
        "type": "git",
        "url": "ssh://git@github.com/HorizonRoboticsInternal/sagittarius-sdk"
      },
      "original": {
        "type": "git",
        "url": "ssh://git@github.com/HorizonRoboticsInternal/sagittarius-sdk"
      }
    },
    "tensor-splines": {
      "inputs": {
        "ml-pkgs": [
          "ml-pkgs"
        ],
        "nixpkgs": [
          "nixpkgs"
        ],
        "utils": [
          "utils"
        ]
      },
      "locked": {
        "lastModified": 1694817724,
        "narHash": "sha256-OpKxNrFlt3GAxh8X4SPrej879m+hufBs+Ue4piOmHKU=",
        "ref": "main",
        "rev": "f7f54e59200e537120aa069fd9aff44b31e1dd9f",
        "revCount": 33,
        "type": "git",
        "url": "ssh://git@github.com/HorizonRobotics/tensor-splines"
      },
      "original": {
        "ref": "main",
        "type": "git",
        "url": "ssh://git@github.com/HorizonRobotics/tensor-splines"
      }
    },
    "utils": {
      "locked": {
        "lastModified": 1623875721,
        "narHash": "sha256-A8BU7bjS5GirpAUv4QA+QnJ4CceLHkcXdRp4xITDB0s=",
        "owner": "numtide",
        "repo": "flake-utils",
        "rev": "f7e004a55b120c02ecb6219596820fcd32ca8772",
        "type": "github"
      },
      "original": {
        "owner": "numtide",
        "repo": "flake-utils",
        "type": "github"
      }
    }
  },
  "root": "root",
  "version": 7
}
