{
  "nodes": {
    "alf": {
      "inputs": {
        "alf-devenv": "alf-devenv",
        "nixpkgs": [
          "nixpkgs"
        ],
        "utils": "utils_2"
      },
      "locked": {
        "lastModified": 1681434801,
        "narHash": "sha256-1kCqPqJc4nyBIBv6II1n0MaF4ea6X9rtmWCerH+etJQ=",
        "owner": "HorizonRobotics",
        "repo": "alf",
        "rev": "5f9751c5d9ef8a05d7c34e7f36871dae0ac5a28b",
        "type": "github"
      },
      "original": {
        "owner": "HorizonRobotics",
        "ref": "PR/breakds/alf_packaged",
        "repo": "alf",
        "type": "github"
      }
    },
    "alf-devenv": {
      "inputs": {
        "ml-pkgs": "ml-pkgs",
        "nixpkgs": [
          "alf",
          "nixpkgs"
        ],
        "tensor-splines": "tensor-splines",
        "utils": "utils"
      },
      "locked": {
        "lastModified": 1671474064,
        "narHash": "sha256-mS6YpitjIu1/Bid8gMYwIic/BFsYcvU3WhvZF9ByJpY=",
        "owner": "HorizonRobotics",
        "repo": "alf-nix-devenv",
        "rev": "3fa299ce42beec82e4e0c0adced0016e9e39cf37",
        "type": "github"
      },
      "original": {
        "owner": "HorizonRobotics",
        "repo": "alf-nix-devenv",
        "type": "github"
      }
    },
    "ml-pkgs": {
      "inputs": {
        "nixpkgs": [
          "alf",
          "alf-devenv",
          "nixpkgs"
        ],
        "utils": [
          "alf",
          "alf-devenv",
          "utils"
        ]
      },
      "locked": {
        "lastModified": 1671437160,
        "narHash": "sha256-7De5jl7od+gdBCCSfHCYW+n2K6LIgHZq2NfhNzvD/XI=",
        "owner": "nixvital",
        "repo": "ml-pkgs",
        "rev": "30cd0b98732f5b79d9d2b3057d68378828abcc7f",
        "type": "github"
      },
      "original": {
        "owner": "nixvital",
        "repo": "ml-pkgs",
        "type": "github"
      }
    },
    "ml-pkgs_2": {
      "inputs": {
        "nixpkgs": [
          "alf",
          "alf-devenv",
          "tensor-splines",
          "nixpkgs"
        ],
        "utils": [
          "alf",
          "alf-devenv",
          "tensor-splines",
          "utils"
        ]
      },
      "locked": {
        "lastModified": 1670952954,
        "narHash": "sha256-/uKVm5FRDHm0hEeglhtnscyIyn2D6XN2Q64wIrzdcJA=",
        "owner": "nixvital",
        "repo": "ml-pkgs",
        "rev": "e6dbbc94f02397beb17ba935a33010cdb27c4056",
        "type": "github"
      },
      "original": {
        "owner": "nixvital",
        "repo": "ml-pkgs",
        "type": "github"
      }
    },
    "ml-pkgs_3": {
      "inputs": {
        "nixpkgs": [
          "nixpkgs"
        ],
        "utils": [
          "utils"
        ]
      },
      "locked": {
        "lastModified": 1680966883,
        "narHash": "sha256-vL03G4G5R23MjtV/lUpdDDdlf0XjnpTo3DERtQRvc/Y=",
        "owner": "nixvital",
        "repo": "ml-pkgs",
        "rev": "8a2ddd434119c9bdc1aa08bdc2e65d43a0b42c56",
        "type": "github"
      },
      "original": {
        "owner": "nixvital",
        "repo": "ml-pkgs",
        "type": "github"
      }
    },
    "nixpkgs": {
      "locked": {
        "lastModified": 1680865339,
        "narHash": "sha256-H6rmJ1CyJ3Q5ZyoLMYq/UEYMS9Q1orJjRpWiQ47HudE=",
        "owner": "NixOS",
        "repo": "nixpkgs",
        "rev": "0040164e473509b4aee6aedb3b923e400d6df10b",
        "type": "github"
      },
      "original": {
        "owner": "NixOS",
        "ref": "nixos-22.11",
        "repo": "nixpkgs",
        "type": "github"
      }
    },
    "root": {
      "inputs": {
        "alf": "alf",
        "ml-pkgs": "ml-pkgs_3",
        "nixpkgs": "nixpkgs",
        "tensor-splines": "tensor-splines_2",
        "unitree-go1-sdk": "unitree-go1-sdk",
        "utils": "utils_4"
      }
    },
    "tensor-splines": {
      "inputs": {
        "ml-pkgs": "ml-pkgs_2",
        "nixpkgs": [
          "alf",
          "alf-devenv",
          "nixpkgs"
        ],
        "utils": [
          "alf",
          "alf-devenv",
          "utils"
        ]
      },
      "locked": {
        "lastModified": 1670955265,
        "narHash": "sha256-Qa6aZpFJogFXN7QJ5GT1LQem3cD9+TNoi4L5zoPt6C0=",
        "ref": "main",
        "rev": "e19c144d2d1906463e599e3261388c52e417924a",
        "revCount": 32,
        "type": "git",
        "url": "ssh://git@github.com/HorizonRobotics/tensor-splines"
      },
      "original": {
        "ref": "main",
        "type": "git",
        "url": "ssh://git@github.com/HorizonRobotics/tensor-splines"
      }
    },
    "tensor-splines_2": {
      "inputs": {
        "ml-pkgs": [
          "ml-pkgs"
        ],
        "nixpkgs": [
          "nixpkgs"
        ],
        "utils": [
          "utils"
        ]
      },
      "locked": {
        "lastModified": 1670955265,
        "narHash": "sha256-Qa6aZpFJogFXN7QJ5GT1LQem3cD9+TNoi4L5zoPt6C0=",
        "ref": "main",
        "rev": "e19c144d2d1906463e599e3261388c52e417924a",
        "revCount": 32,
        "type": "git",
        "url": "ssh://git@github.com/HorizonRobotics/tensor-splines"
      },
      "original": {
        "ref": "main",
        "type": "git",
        "url": "ssh://git@github.com/HorizonRobotics/tensor-splines"
      }
    },
    "unitree-go1-sdk": {
      "inputs": {
        "nixpkgs": [
          "nixpkgs"
        ],
        "utils": "utils_3"
      },
      "locked": {
        "lastModified": 1681145339,
        "narHash": "sha256-pR40AG409bNn+M+vJQxYJMcGBAP+dcmrKsFyRsTu3yc=",
        "ref": "refs/heads/main",
        "rev": "5687e1a4f5743f12d276e10828890801431d755f",
        "revCount": 59,
        "type": "git",
        "url": "ssh://git@github.com/HorizonRoboticsInternal/unitree-go1-sdk"
      },
      "original": {
        "type": "git",
        "url": "ssh://git@github.com/HorizonRoboticsInternal/unitree-go1-sdk"
      }
    },
    "utils": {
      "locked": {
        "lastModified": 1623875721,
        "narHash": "sha256-A8BU7bjS5GirpAUv4QA+QnJ4CceLHkcXdRp4xITDB0s=",
        "owner": "numtide",
        "repo": "flake-utils",
        "rev": "f7e004a55b120c02ecb6219596820fcd32ca8772",
        "type": "github"
      },
      "original": {
        "owner": "numtide",
        "repo": "flake-utils",
        "type": "github"
      }
    },
    "utils_2": {
      "locked": {
        "lastModified": 1623875721,
        "narHash": "sha256-A8BU7bjS5GirpAUv4QA+QnJ4CceLHkcXdRp4xITDB0s=",
        "owner": "numtide",
        "repo": "flake-utils",
        "rev": "f7e004a55b120c02ecb6219596820fcd32ca8772",
        "type": "github"
      },
      "original": {
        "owner": "numtide",
        "repo": "flake-utils",
        "type": "github"
      }
    },
    "utils_3": {
      "locked": {
        "lastModified": 1667395993,
        "narHash": "sha256-nuEHfE/LcWyuSWnS8t12N1wc105Qtau+/OdUAjtQ0rA=",
        "owner": "numtide",
        "repo": "flake-utils",
        "rev": "5aed5285a952e0b949eb3ba02c12fa4fcfef535f",
        "type": "github"
      },
      "original": {
        "owner": "numtide",
        "repo": "flake-utils",
        "type": "github"
      }
    },
    "utils_4": {
      "locked": {
        "lastModified": 1623875721,
        "narHash": "sha256-A8BU7bjS5GirpAUv4QA+QnJ4CceLHkcXdRp4xITDB0s=",
        "owner": "numtide",
        "repo": "flake-utils",
        "rev": "f7e004a55b120c02ecb6219596820fcd32ca8772",
        "type": "github"
      },
      "original": {
        "owner": "numtide",
        "repo": "flake-utils",
        "type": "github"
      }
    }
  },
  "root": "root",
  "version": 7
}
